// !$*UTF8*$!
{
	archiveVersion = 1;
	classes = {
	};
	objectVersion = 50;
	objects = {

/* Begin PBXBuildFile section */
		43268E87240E548500CEBCA7 /* AppDelegate.swift in Sources */ = {isa = PBXBuildFile; fileRef = 43268E86240E548500CEBCA7 /* AppDelegate.swift */; };
		43268E89240E548500CEBCA7 /* SceneDelegate.swift in Sources */ = {isa = PBXBuildFile; fileRef = 43268E88240E548500CEBCA7 /* SceneDelegate.swift */; };
		43268E8B240E548500CEBCA7 /* ViewController.swift in Sources */ = {isa = PBXBuildFile; fileRef = 43268E8A240E548500CEBCA7 /* ViewController.swift */; };
		43268E8E240E548500CEBCA7 /* Main.storyboard in Resources */ = {isa = PBXBuildFile; fileRef = 43268E8C240E548500CEBCA7 /* Main.storyboard */; };
		43268E90240E548800CEBCA7 /* Assets.xcassets in Resources */ = {isa = PBXBuildFile; fileRef = 43268E8F240E548800CEBCA7 /* Assets.xcassets */; };
		43268E93240E548800CEBCA7 /* LaunchScreen.storyboard in Resources */ = {isa = PBXBuildFile; fileRef = 43268E91240E548800CEBCA7 /* LaunchScreen.storyboard */; };
		A18AB32DDFCBE99BFD82CBCB /* Pods_SwiftMessagesSample.framework in Frameworks */ = {isa = PBXBuildFile; fileRef = 4AFC8BA4A0D57AADE9D4BA0E /* Pods_SwiftMessagesSample.framework */; };
/* End PBXBuildFile section */

/* Begin PBXFileReference section */
		43268E83240E548500CEBCA7 /* SwiftMessagesSample.app */ = {isa = PBXFileReference; explicitFileType = wrapper.application; includeInIndex = 0; path = SwiftMessagesSample.app; sourceTree = BUILT_PRODUCTS_DIR; };
		43268E86240E548500CEBCA7 /* AppDelegate.swift */ = {isa = PBXFileReference; lastKnownFileType = sourcecode.swift; path = AppDelegate.swift; sourceTree = "<group>"; };
		43268E88240E548500CEBCA7 /* SceneDelegate.swift */ = {isa = PBXFileReference; lastKnownFileType = sourcecode.swift; path = SceneDelegate.swift; sourceTree = "<group>"; };
		43268E8A240E548500CEBCA7 /* ViewController.swift */ = {isa = PBXFileReference; lastKnownFileType = sourcecode.swift; path = ViewController.swift; sourceTree = "<group>"; };
		43268E8D240E548500CEBCA7 /* Base */ = {isa = PBXFileReference; lastKnownFileType = file.storyboard; name = Base; path = Base.lproj/Main.storyboard; sourceTree = "<group>"; };
		43268E8F240E548800CEBCA7 /* Assets.xcassets */ = {isa = PBXFileReference; lastKnownFileType = folder.assetcatalog; path = Assets.xcassets; sourceTree = "<group>"; };
		43268E92240E548800CEBCA7 /* Base */ = {isa = PBXFileReference; lastKnownFileType = file.storyboard; name = Base; path = Base.lproj/LaunchScreen.storyboard; sourceTree = "<group>"; };
		43268E94240E548800CEBCA7 /* Info.plist */ = {isa = PBXFileReference; lastKnownFileType = text.plist.xml; path = Info.plist; sourceTree = "<group>"; };
		4AFC8BA4A0D57AADE9D4BA0E /* Pods_SwiftMessagesSample.framework */ = {isa = PBXFileReference; explicitFileType = wrapper.framework; includeInIndex = 0; path = Pods_SwiftMessagesSample.framework; sourceTree = BUILT_PRODUCTS_DIR; };
		AA63E86940E9795DFAAFBC94 /* Pods-SwiftMessagesSample.release.xcconfig */ = {isa = PBXFileReference; includeInIndex = 1; lastKnownFileType = text.xcconfig; name = "Pods-SwiftMessagesSample.release.xcconfig"; path = "Target Support Files/Pods-SwiftMessagesSample/Pods-SwiftMessagesSample.release.xcconfig"; sourceTree = "<group>"; };
		DE7F4176B05507933BA21EDA /* Pods-SwiftMessagesSample.debug.xcconfig */ = {isa = PBXFileReference; includeInIndex = 1; lastKnownFileType = text.xcconfig; name = "Pods-SwiftMessagesSample.debug.xcconfig"; path = "Target Support Files/Pods-SwiftMessagesSample/Pods-SwiftMessagesSample.debug.xcconfig"; sourceTree = "<group>"; };
/* End PBXFileReference section */

/* Begin PBXFrameworksBuildPhase section */
		43268E80240E548500CEBCA7 /* Frameworks */ = {
			isa = PBXFrameworksBuildPhase;
			buildActionMask = 2147483647;
			files = (
				A18AB32DDFCBE99BFD82CBCB /* Pods_SwiftMessagesSample.framework in Frameworks */,
			);
			runOnlyForDeploymentPostprocessing = 0;
		};
/* End PBXFrameworksBuildPhase section */

/* Begin PBXGroup section */
		035202F1FAD89976EDBBB2D0 /* Frameworks */ = {
			isa = PBXGroup;
			children = (
				4AFC8BA4A0D57AADE9D4BA0E /* Pods_SwiftMessagesSample.framework */,
			);
			name = Frameworks;
			sourceTree = "<group>";
		};
		43268E7A240E548500CEBCA7 = {
			isa = PBXGroup;
			children = (
				43268E85240E548500CEBCA7 /* SwiftMessagesSample */,
				43268E84240E548500CEBCA7 /* Products */,
				B159EC5480CFD89928998899 /* Pods */,
				035202F1FAD89976EDBBB2D0 /* Frameworks */,
			);
			sourceTree = "<group>";
		};
		43268E84240E548500CEBCA7 /* Products */ = {
			isa = PBXGroup;
			children = (
				43268E83240E548500CEBCA7 /* SwiftMessagesSample.app */,
			);
			name = Products;
			sourceTree = "<group>";
		};
		43268E85240E548500CEBCA7 /* SwiftMessagesSample */ = {
			isa = PBXGroup;
			children = (
				43268E86240E548500CEBCA7 /* AppDelegate.swift */,
				43268E88240E548500CEBCA7 /* SceneDelegate.swift */,
				43268E8A240E548500CEBCA7 /* ViewController.swift */,
				43268E8C240E548500CEBCA7 /* Main.storyboard */,
				43268E8F240E548800CEBCA7 /* Assets.xcassets */,
				43268E91240E548800CEBCA7 /* LaunchScreen.storyboard */,
				43268E94240E548800CEBCA7 /* Info.plist */,
			);
			path = SwiftMessagesSample;
			sourceTree = "<group>";
		};
		B159EC5480CFD89928998899 /* Pods */ = {
			isa = PBXGroup;
			children = (
				DE7F4176B05507933BA21EDA /* Pods-SwiftMessagesSample.debug.xcconfig */,
				AA63E86940E9795DFAAFBC94 /* Pods-SwiftMessagesSample.release.xcconfig */,
			);
			name = Pods;
			path = Pods;
			sourceTree = "<group>";
		};
/* End PBXGroup section */

/* Begin PBXNativeTarget section */
		43268E82240E548500CEBCA7 /* SwiftMessagesSample */ = {
			isa = PBXNativeTarget;
			buildConfigurationList = 43268E97240E548800CEBCA7 /* Build configuration list for PBXNativeTarget "SwiftMessagesSample" */;
			buildPhases = (
				7D808C5E8C7B173C695F5D51 /* [CP] Check Pods Manifest.lock */,
				43268E7F240E548500CEBCA7 /* Sources */,
				43268E80240E548500CEBCA7 /* Frameworks */,
				43268E81240E548500CEBCA7 /* Resources */,
				D1E91A41B3882E36DDA6F7C4 /* [CP] Embed Pods Frameworks */,
			);
			buildRules = (
			);
			dependencies = (
			);
			name = SwiftMessagesSample;
			productName = SwiftMessagesSample;
			productReference = 43268E83240E548500CEBCA7 /* SwiftMessagesSample.app */;
			productType = "com.apple.product-type.application";
		};
/* End PBXNativeTarget section */

/* Begin PBXProject section */
		43268E7B240E548500CEBCA7 /* Project object */ = {
			isa = PBXProject;
			attributes = {
				LastSwiftUpdateCheck = 1110;
				LastUpgradeCheck = 1110;
				ORGANIZATIONNAME = hara;
				TargetAttributes = {
					43268E82240E548500CEBCA7 = {
						CreatedOnToolsVersion = 11.1;
					};
				};
			};
			buildConfigurationList = 43268E7E240E548500CEBCA7 /* Build configuration list for PBXProject "SwiftMessagesSample" */;
			compatibilityVersion = "Xcode 9.3";
			developmentRegion = en;
			hasScannedForEncodings = 0;
			knownRegions = (
				en,
				Base,
			);
			mainGroup = 43268E7A240E548500CEBCA7;
			productRefGroup = 43268E84240E548500CEBCA7 /* Products */;
			projectDirPath = "";
			projectRoot = "";
			targets = (
				43268E82240E548500CEBCA7 /* SwiftMessagesSample */,
			);
		};
/* End PBXProject section */

/* Begin PBXResourcesBuildPhase section */
		43268E81240E548500CEBCA7 /* Resources */ = {
			isa = PBXResourcesBuildPhase;
			buildActionMask = 2147483647;
			files = (
				43268E93240E548800CEBCA7 /* LaunchScreen.storyboard in Resources */,
				43268E90240E548800CEBCA7 /* Assets.xcassets in Resources */,
				43268E8E240E548500CEBCA7 /* Main.storyboard in Resources */,
			);
			runOnlyForDeploymentPostprocessing = 0;
		};
/* End PBXResourcesBuildPhase section */

/* Begin PBXShellScriptBuildPhase section */
		7D808C5E8C7B173C695F5D51 /* [CP] Check Pods Manifest.lock */ = {
			isa = PBXShellScriptBuildPhase;
			buildActionMask = 2147483647;
			files = (
			);
			inputFileListPaths = (
			);
			inputPaths = (
				"${PODS_PODFILE_DIR_PATH}/Podfile.lock",
				"${PODS_ROOT}/Manifest.lock",
			);
			name = "[CP] Check Pods Manifest.lock";
			outputFileListPaths = (
			);
			outputPaths = (
				"$(DERIVED_FILE_DIR)/Pods-SwiftMessagesSample-checkManifestLockResult.txt",
			);
			runOnlyForDeploymentPostprocessing = 0;
			shellPath = /bin/sh;
			shellScript = "diff \"${PODS_PODFILE_DIR_PATH}/Podfile.lock\" \"${PODS_ROOT}/Manifest.lock\" > /dev/null\nif [ $? != 0 ] ; then\n    # print error to STDERR\n    echo \"error: The sandbox is not in sync with the Podfile.lock. Run 'pod install' or update your CocoaPods installation.\" >&2\n    exit 1\nfi\n# This output is used by Xcode 'outputs' to avoid re-running this script phase.\necho \"SUCCESS\" > \"${SCRIPT_OUTPUT_FILE_0}\"\n";
			showEnvVarsInLog = 0;
		};
		D1E91A41B3882E36DDA6F7C4 /* [CP] Embed Pods Frameworks */ = {
			isa = PBXShellScriptBuildPhase;
			buildActionMask = 2147483647;
			files = (
			);
			inputFileListPaths = (
				"${PODS_ROOT}/Target Support Files/Pods-SwiftMessagesSample/Pods-SwiftMessagesSample-frameworks-${CONFIGURATION}-input-files.xcfilelist",
			);
			name = "[CP] Embed Pods Frameworks";
			outputFileListPaths = (
				"${PODS_ROOT}/Target Support Files/Pods-SwiftMessagesSample/Pods-SwiftMessagesSample-frameworks-${CONFIGURATION}-output-files.xcfilelist",
			);
			runOnlyForDeploymentPostprocessing = 0;
			shellPath = /bin/sh;
			shellScript = "\"${PODS_ROOT}/Target Support Files/Pods-SwiftMessagesSample/Pods-SwiftMessagesSample-frameworks.sh\"\n";
			showEnvVarsInLog = 0;
		};
/* End PBXShellScriptBuildPhase section */

/* Begin PBXSourcesBuildPhase section */
		43268E7F240E548500CEBCA7 /* Sources */ = {
			isa = PBXSourcesBuildPhase;
			buildActionMask = 2147483647;
			files = (
				43268E8B240E548500CEBCA7 /* ViewController.swift in Sources */,
				43268E87240E548500CEBCA7 /* AppDelegate.swift in Sources */,
				43268E89240E548500CEBCA7 /* SceneDelegate.swift in Sources */,
			);
			runOnlyForDeploymentPostprocessing = 0;
		};
/* End PBXSourcesBuildPhase section */

/* Begin PBXVariantGroup section */
		43268E8C240E548500CEBCA7 /* Main.storyboard */ = {
			isa = PBXVariantGroup;
			children = (
				43268E8D240E548500CEBCA7 /* Base */,
			);
			name = Main.storyboard;
			sourceTree = "<group>";
		};
		43268E91240E548800CEBCA7 /* LaunchScreen.storyboard */ = {
			isa = PBXVariantGroup;
			children = (
				43268E92240E548800CEBCA7 /* Base */,
			);
			name = LaunchScreen.storyboard;
			sourceTree = "<group>";
		};
/* End PBXVariantGroup section */

/* Begin XCBuildConfiguration section */
		43268E95240E548800CEBCA7 /* Debug */ = {
			isa = XCBuildConfiguration;
			buildSettings = {
				ALWAYS_SEARCH_USER_PATHS = NO;
				CLANG_ANALYZER_NONNULL = YES;
				CLANG_ANALYZER_NUMBER_OBJECT_CONVERSION = YES_AGGRESSIVE;
				CLANG_CXX_LANGUAGE_STANDARD = "gnu++14";
				CLANG_CXX_LIBRARY = "libc++";
				CLANG_ENABLE_MODULES = YES;
				CLANG_ENABLE_OBJC_ARC = YES;
				CLANG_ENABLE_OBJC_WEAK = YES;
				CLANG_WARN_BLOCK_CAPTURE_AUTORELEASING = YES;
				CLANG_WARN_BOOL_CONVERSION = YES;
				CLANG_WARN_COMMA = YES;
				CLANG_WARN_CONSTANT_CONVERSION = YES;
				CLANG_WARN_DEPRECATED_OBJC_IMPLEMENTATIONS = YES;
				CLANG_WARN_DIRECT_OBJC_ISA_USAGE = YES_ERROR;
				CLANG_WARN_DOCUMENTATION_COMMENTS = YES;
				CLANG_WARN_EMPTY_BODY = YES;
				CLANG_WARN_ENUM_CONVERSION = YES;
				CLANG_WARN_INFINITE_RECURSION = YES;
				CLANG_WARN_INT_CONVERSION = YES;
				CLANG_WARN_NON_LITERAL_NULL_CONVERSION = YES;
				CLANG_WARN_OBJC_IMPLICIT_RETAIN_SELF = YES;
				CLANG_WARN_OBJC_LITERAL_CONVERSION = YES;
				CLANG_WARN_OBJC_ROOT_CLASS = YES_ERROR;
				CLANG_WARN_RANGE_LOOP_ANALYSIS = YES;
				CLANG_WARN_STRICT_PROTOTYPES = YES;
				CLANG_WARN_SUSPICIOUS_MOVE = YES;
				CLANG_WARN_UNGUARDED_AVAILABILITY = YES_AGGRESSIVE;
				CLANG_WARN_UNREACHABLE_CODE = YES;
				CLANG_WARN__DUPLICATE_METHOD_MATCH = YES;
				COPY_PHASE_STRIP = NO;
				DEBUG_INFORMATION_FORMAT = dwarf;
				ENABLE_STRICT_OBJC_MSGSEND = YES;
				ENABLE_TESTABILITY = YES;
				GCC_C_LANGUAGE_STANDARD = gnu11;
				GCC_DYNAMIC_NO_PIC = NO;
				GCC_NO_COMMON_BLOCKS = YES;
				GCC_OPTIMIZATION_LEVEL = 0;
				GCC_PREPROCESSOR_DEFINITIONS = (
					"DEBUG=1",
					"$(inherited)",
				);
				GCC_WARN_64_TO_32_BIT_CONVERSION = YES;
				GCC_WARN_ABOUT_RETURN_TYPE = YES_ERROR;
				GCC_WARN_UNDECLARED_SELECTOR = YES;
				GCC_WARN_UNINITIALIZED_AUTOS = YES_AGGRESSIVE;
				GCC_WARN_UNUSED_FUNCTION = YES;
				GCC_WARN_UNUSED_VARIABLE = YES;
				IPHONEOS_DEPLOYMENT_TARGET = 13.1;
				MTL_ENABLE_DEBUG_INFO = INCLUDE_SOURCE;
				MTL_FAST_MATH = YES;
				ONLY_ACTIVE_ARCH = YES;
				SDKROOT = iphoneos;
				SWIFT_ACTIVE_COMPILATION_CONDITIONS = DEBUG;
				SWIFT_OPTIMIZATION_LEVEL = "-Onone";
			};
			name = Debug;
		};
		43268E96240E548800CEBCA7 /* Release */ = {
			isa = XCBuildConfiguration;
			buildSettings = {
				ALWAYS_SEARCH_USER_PATHS = NO;
				CLANG_ANALYZER_NONNULL = YES;
				CLANG_ANALYZER_NUMBER_OBJECT_CONVERSION = YES_AGGRESSIVE;
				CLANG_CXX_LANGUAGE_STANDARD = "gnu++14";
				CLANG_CXX_LIBRARY = "libc++";
				CLANG_ENABLE_MODULES = YES;
				CLANG_ENABLE_OBJC_ARC = YES;
				CLANG_ENABLE_OBJC_WEAK = YES;
				CLANG_WARN_BLOCK_CAPTURE_AUTORELEASING = YES;
				CLANG_WARN_BOOL_CONVERSION = YES;
				CLANG_WARN_COMMA = YES;
				CLANG_WARN_CONSTANT_CONVERSION = YES;
				CLANG_WARN_DEPRECATED_OBJC_IMPLEMENTATIONS = YES;
				CLANG_WARN_DIRECT_OBJC_ISA_USAGE = YES_ERROR;
				CLANG_WARN_DOCUMENTATION_COMMENTS = YES;
				CLANG_WARN_EMPTY_BODY = YES;
				CLANG_WARN_ENUM_CONVERSION = YES;
				CLANG_WARN_INFINITE_RECURSION = YES;
				CLANG_WARN_INT_CONVERSION = YES;
				CLANG_WARN_NON_LITERAL_NULL_CONVERSION = YES;
				CLANG_WARN_OBJC_IMPLICIT_RETAIN_SELF = YES;
				CLANG_WARN_OBJC_LITERAL_CONVERSION = YES;
				CLANG_WARN_OBJC_ROOT_CLASS = YES_ERROR;
				CLANG_WARN_RANGE_LOOP_ANALYSIS = YES;
				CLANG_WARN_STRICT_PROTOTYPES = YES;
				CLANG_WARN_SUSPICIOUS_MOVE = YES;
				CLANG_WARN_UNGUARDED_AVAILABILITY = YES_AGGRESSIVE;
				CLANG_WARN_UNREACHABLE_CODE = YES;
				CLANG_WARN__DUPLICATE_METHOD_MATCH = YES;
				COPY_PHASE_STRIP = NO;
				DEBUG_INFORMATION_FORMAT = "dwarf-with-dsym";
				ENABLE_NS_ASSERTIONS = NO;
				ENABLE_STRICT_OBJC_MSGSEND = YES;
				GCC_C_LANGUAGE_STANDARD = gnu11;
				GCC_NO_COMMON_BLOCKS = YES;
				GCC_WARN_64_TO_32_BIT_CONVERSION = YES;
				GCC_WARN_ABOUT_RETURN_TYPE = YES_ERROR;
				GCC_WARN_UNDECLARED_SELECTOR = YES;
				GCC_WARN_UNINITIALIZED_AUTOS = YES_AGGRESSIVE;
				GCC_WARN_UNUSED_FUNCTION = YES;
				GCC_WARN_UNUSED_VARIABLE = YES;
				IPHONEOS_DEPLOYMENT_TARGET = 13.1;
				MTL_ENABLE_DEBUG_INFO = NO;
				MTL_FAST_MATH = YES;
				SDKROOT = iphoneos;
				SWIFT_COMPILATION_MODE = wholemodule;
				SWIFT_OPTIMIZATION_LEVEL = "-O";
				VALIDATE_PRODUCT = YES;
			};
			name = Release;
		};
		43268E98240E548800CEBCA7 /* Debug */ = {
			isa = XCBuildConfiguration;
			baseConfigurationReference = DE7F4176B05507933BA21EDA /* Pods-SwiftMessagesSample.debug.xcconfig */;
			buildSettings = {
				ASSETCATALOG_COMPILER_APPICON_NAME = AppIcon;
				CODE_SIGN_STYLE = Automatic;
				DEVELOPMENT_TEAM = F7MGVZ2Y48;
				INFOPLIST_FILE = SwiftMessagesSample/Info.plist;
				LD_RUNPATH_SEARCH_PATHS = (
					"$(inherited)",
					"@executable_path/Frameworks",
				);
				PRODUCT_BUNDLE_IDENTIFIER = "ietty-hara.SwiftMessagesSample";
				PRODUCT_NAME = "$(TARGET_NAME)";
				SWIFT_VERSION = 5.0;
				TARGETED_DEVICE_FAMILY = "1,2";
			};
			name = Debug;
		};
		43268E99240E548800CEBCA7 /* Release */ = {
			isa = XCBuildConfiguration;
			baseConfigurationReference = AA63E86940E9795DFAAFBC94 /* Pods-SwiftMessagesSample.release.xcconfig */;
			buildSettings = {
				ASSETCATALOG_COMPILER_APPICON_NAME = AppIcon;
				CODE_SIGN_STYLE = Automatic;
				DEVELOPMENT_TEAM = F7MGVZ2Y48;
				INFOPLIST_FILE = SwiftMessagesSample/Info.plist;
				LD_RUNPATH_SEARCH_PATHS = (
					"$(inherited)",
					"@executable_path/Frameworks",
				);
				PRODUCT_BUNDLE_IDENTIFIER = "ietty-hara.SwiftMessagesSample";
				PRODUCT_NAME = "$(TARGET_NAME)";
				SWIFT_VERSION = 5.0;
				TARGETED_DEVICE_FAMILY = "1,2";
			};
			name = Release;
		};
/* End XCBuildConfiguration section */

/* Begin XCConfigurationList section */
		43268E7E240E548500CEBCA7 /* Build configuration list for PBXProject "SwiftMessagesSample" */ = {
			isa = XCConfigurationList;
			buildConfigurations = (
				43268E95240E548800CEBCA7 /* Debug */,
				43268E96240E548800CEBCA7 /* Release */,
			);
			defaultConfigurationIsVisible = 0;
			defaultConfigurationName = Release;
		};
		43268E97240E548800CEBCA7 /* Build configuration list for PBXNativeTarget "SwiftMessagesSample" */ = {
			isa = XCConfigurationList;
			buildConfigurations = (
				43268E98240E548800CEBCA7 /* Debug */,
				43268E99240E548800CEBCA7 /* Release */,
			);
			defaultConfigurationIsVisible = 0;
			defaultConfigurationName = Release;
		};
/* End XCConfigurationList section */
	};
	rootObject = 43268E7B240E548500CEBCA7 /* Project object */;
}
